
Microsoft Visual Studio Solution File, Format Version 12.00
# Visual Studio Version 17
VisualStudioVersion = 17.7.34221.43
MinimumVisualStudioVersion = 10.0.40219.1
Project("{FAE04EC0-301F-11D3-BF4B-00C04F79EFBC}") = "TestForBambooCard", "TestForBambooCard\TestForBambooCard.csproj", "{885044F5-43FA-48A0-913F-2289FDBCAF0E}"
EndProject
Global
	GlobalSection(SolutionConfigurationPlatforms) = preSolution
		Debug|Any CPU = Debug|Any CPU
		Release|Any CPU = Release|Any CPU
	EndGlobalSection
	GlobalSection(ProjectConfigurationPlatforms) = postSolution
		{885044F5-43FA-48A0-913F-2289FDBCAF0E}.Debug|Any CPU.ActiveCfg = Debug|Any CPU
		{885044F5-43FA-48A0-913F-2289FDBCAF0E}.Debug|Any CPU.Build.0 = Debug|Any CPU
		{885044F5-43FA-48A0-913F-2289FDBCAF0E}.Release|Any CPU.ActiveCfg = Release|Any CPU
		{885044F5-43FA-48A0-913F-2289FDBCAF0E}.Release|Any CPU.Build.0 = Release|Any CPU
	EndGlobalSection
	GlobalSection(SolutionProperties) = preSolution
		HideSolutionNode = FALSE
	EndGlobalSection
	GlobalSection(ExtensibilityGlobals) = postSolution
		SolutionGuid = {FE04F943-B174-4B31-AE33-49818D897982}
	EndGlobalSection
EndGlobal
